
Microsoft Visual Studio Solution File, Format Version 12.00
Project("{FAE04EC0-301F-11D3-BF4B-00C04F79EFBC}") = "WebAPIExcel", "WebAPIExcel\WebAPIExcel.csproj", "{BC40AA26-A133-4609-A109-A14BA0C2DA00}"
EndProject
Global
	GlobalSection(SolutionConfigurationPlatforms) = preSolution
		Debug|Any CPU = Debug|Any CPU
		Release|Any CPU = Release|Any CPU
	EndGlobalSection
	GlobalSection(ProjectConfigurationPlatforms) = postSolution
		{BC40AA26-A133-4609-A109-A14BA0C2DA00}.Debug|Any CPU.ActiveCfg = Debug|Any CPU
		{BC40AA26-A133-4609-A109-A14BA0C2DA00}.Debug|Any CPU.Build.0 = Debug|Any CPU
		{BC40AA26-A133-4609-A109-A14BA0C2DA00}.Release|Any CPU.ActiveCfg = Release|Any CPU
		{BC40AA26-A133-4609-A109-A14BA0C2DA00}.Release|Any CPU.Build.0 = Release|Any CPU
	EndGlobalSection
EndGlobal
